// !$*UTF8*$!
{
	archiveVersion = 1;
	classes = {
	};
	objectVersion = 48;
	objects = {

/* Begin PBXBuildFile section */
		B72FDF791FF853300052C085 /* AppDelegate.swift in Sources */ = {isa = PBXBuildFile; fileRef = B72FDF781FF853300052C085 /* AppDelegate.swift */; };
		B72FDF7B1FF853300052C085 /* ViewController.swift in Sources */ = {isa = PBXBuildFile; fileRef = B72FDF7A1FF853300052C085 /* ViewController.swift */; };
		B72FDF7E1FF853300052C085 /* Main.storyboard in Resources */ = {isa = PBXBuildFile; fileRef = B72FDF7C1FF853300052C085 /* Main.storyboard */; };
		B72FDF811FF853300052C085 /* LaBarba.xcdatamodeld in Sources */ = {isa = PBXBuildFile; fileRef = B72FDF7F1FF853300052C085 /* LaBarba.xcdatamodeld */; };
		B72FDF831FF853300052C085 /* Assets.xcassets in Resources */ = {isa = PBXBuildFile; fileRef = B72FDF821FF853300052C085 /* Assets.xcassets */; };
		B72FDF861FF853300052C085 /* LaunchScreen.storyboard in Resources */ = {isa = PBXBuildFile; fileRef = B72FDF841FF853300052C085 /* LaunchScreen.storyboard */; };
/* End PBXBuildFile section */

/* Begin PBXFileReference section */
		B72FDF751FF853300052C085 /* LaBarba.app */ = {isa = PBXFileReference; explicitFileType = wrapper.application; includeInIndex = 0; path = LaBarba.app; sourceTree = BUILT_PRODUCTS_DIR; };
		B72FDF781FF853300052C085 /* AppDelegate.swift */ = {isa = PBXFileReference; lastKnownFileType = sourcecode.swift; path = AppDelegate.swift; sourceTree = "<group>"; };
		B72FDF7A1FF853300052C085 /* ViewController.swift */ = {isa = PBXFileReference; lastKnownFileType = sourcecode.swift; path = ViewController.swift; sourceTree = "<group>"; };
		B72FDF7D1FF853300052C085 /* Base */ = {isa = PBXFileReference; lastKnownFileType = file.storyboard; name = Base; path = Base.lproj/Main.storyboard; sourceTree = "<group>"; };
		B72FDF801FF853300052C085 /* LaBarba.xcdatamodel */ = {isa = PBXFileReference; lastKnownFileType = wrapper.xcdatamodel; path = LaBarba.xcdatamodel; sourceTree = "<group>"; };
		B72FDF821FF853300052C085 /* Assets.xcassets */ = {isa = PBXFileReference; lastKnownFileType = folder.assetcatalog; path = Assets.xcassets; sourceTree = "<group>"; };
		B72FDF851FF853300052C085 /* Base */ = {isa = PBXFileReference; lastKnownFileType = file.storyboard; name = Base; path = Base.lproj/LaunchScreen.storyboard; sourceTree = "<group>"; };
		B72FDF871FF853300052C085 /* Info.plist */ = {isa = PBXFileReference; lastKnownFileType = text.plist.xml; path = Info.plist; sourceTree = "<group>"; };
/* End PBXFileReference section */

/* Begin PBXFrameworksBuildPhase section */
		B72FDF721FF853300052C085 /* Frameworks */ = {
			isa = PBXFrameworksBuildPhase;
			buildActionMask = 2147483647;
			files = (
			);
			runOnlyForDeploymentPostprocessing = 0;
		};
/* End PBXFrameworksBuildPhase section */

/* Begin PBXGroup section */
		B72FDF6C1FF8532F0052C085 = {
			isa = PBXGroup;
			children = (
				B72FDF771FF853300052C085 /* LaBarba */,
				B72FDF761FF853300052C085 /* Products */,
			);
			sourceTree = "<group>";
		};
		B72FDF761FF853300052C085 /* Products */ = {
			isa = PBXGroup;
			children = (
				B72FDF751FF853300052C085 /* LaBarba.app */,
			);
			name = Products;
			sourceTree = "<group>";
		};
		B72FDF771FF853300052C085 /* LaBarba */ = {
			isa = PBXGroup;
			children = (
				B72FDF781FF853300052C085 /* AppDelegate.swift */,
				B72FDF7A1FF853300052C085 /* ViewController.swift */,
				B72FDF7C1FF853300052C085 /* Main.storyboard */,
				B72FDF821FF853300052C085 /* Assets.xcassets */,
				B72FDF841FF853300052C085 /* LaunchScreen.storyboard */,
				B72FDF871FF853300052C085 /* Info.plist */,
				B72FDF7F1FF853300052C085 /* LaBarba.xcdatamodeld */,
			);
			path = LaBarba;
			sourceTree = "<group>";
		};
/* End PBXGroup section */

/* Begin PBXNativeTarget section */
		B72FDF741FF853300052C085 /* LaBarba */ = {
			isa = PBXNativeTarget;
			buildConfigurationList = B72FDF8A1FF853300052C085 /* Build configuration list for PBXNativeTarget "LaBarba" */;
			buildPhases = (
				B72FDF711FF853300052C085 /* Sources */,
				B72FDF721FF853300052C085 /* Frameworks */,
				B72FDF731FF853300052C085 /* Resources */,
			);
			buildRules = (
			);
			dependencies = (
			);
			name = LaBarba;
			productName = LaBarba;
			productReference = B72FDF751FF853300052C085 /* LaBarba.app */;
			productType = "com.apple.product-type.application";
		};
/* End PBXNativeTarget section */

/* Begin PBXProject section */
		B72FDF6D1FF8532F0052C085 /* Project object */ = {
			isa = PBXProject;
			attributes = {
				LastSwiftUpdateCheck = 0920;
				LastUpgradeCheck = 0920;
				ORGANIZATIONNAME = "Jerry Phillips";
				TargetAttributes = {
					B72FDF741FF853300052C085 = {
						CreatedOnToolsVersion = 9.2;
						ProvisioningStyle = Automatic;
					};
				};
			};
			buildConfigurationList = B72FDF701FF8532F0052C085 /* Build configuration list for PBXProject "LaBarba" */;
			compatibilityVersion = "Xcode 8.0";
			developmentRegion = en;
			hasScannedForEncodings = 0;
			knownRegions = (
				en,
				Base,
			);
			mainGroup = B72FDF6C1FF8532F0052C085;
			productRefGroup = B72FDF761FF853300052C085 /* Products */;
			projectDirPath = "";
			projectRoot = "";
			targets = (
				B72FDF741FF853300052C085 /* LaBarba */,
			);
		};
/* End PBXProject section */

/* Begin PBXResourcesBuildPhase section */
		B72FDF731FF853300052C085 /* Resources */ = {
			isa = PBXResourcesBuildPhase;
			buildActionMask = 2147483647;
			files = (
				B72FDF861FF853300052C085 /* LaunchScreen.storyboard in Resources */,
				B72FDF831FF853300052C085 /* Assets.xcassets in Resources */,
				B72FDF7E1FF853300052C085 /* Main.storyboard in Resources */,
			);
			runOnlyForDeploymentPostprocessing = 0;
		};
/* End PBXResourcesBuildPhase section */

/* Begin PBXSourcesBuildPhase section */
		B72FDF711FF853300052C085 /* Sources */ = {
			isa = PBXSourcesBuildPhase;
			buildActionMask = 2147483647;
			files = (
				B72FDF811FF853300052C085 /* LaBarba.xcdatamodeld in Sources */,
				B72FDF7B1FF853300052C085 /* ViewController.swift in Sources */,
				B72FDF791FF853300052C085 /* AppDelegate.swift in Sources */,
			);
			runOnlyForDeploymentPostprocessing = 0;
		};
/* End PBXSourcesBuildPhase section */

/* Begin PBXVariantGroup section */
		B72FDF7C1FF853300052C085 /* Main.storyboard */ = {
			isa = PBXVariantGroup;
			children = (
				B72FDF7D1FF853300052C085 /* Base */,
			);
			name = Main.storyboard;
			sourceTree = "<group>";
		};
		B72FDF841FF853300052C085 /* LaunchScreen.storyboard */ = {
			isa = PBXVariantGroup;
			children = (
				B72FDF851FF853300052C085 /* Base */,
			);
			name = LaunchScreen.storyboard;
			sourceTree = "<group>";
		};
/* End PBXVariantGroup section */

/* Begin XCBuildConfiguration section */
		B72FDF881FF853300052C085 /* Debug */ = {
			isa = XCBuildConfiguration;
			buildSettings = {
				ALWAYS_SEARCH_USER_PATHS = NO;
				CLANG_ANALYZER_NONNULL = YES;
				CLANG_ANALYZER_NUMBER_OBJECT_CONVERSION = YES_AGGRESSIVE;
				CLANG_CXX_LANGUAGE_STANDARD = "gnu++14";
				CLANG_CXX_LIBRARY = "libc++";
				CLANG_ENABLE_MODULES = YES;
				CLANG_ENABLE_OBJC_ARC = YES;
				CLANG_WARN_BLOCK_CAPTURE_AUTORELEASING = YES;
				CLANG_WARN_BOOL_CONVERSION = YES;
				CLANG_WARN_COMMA = YES;
				CLANG_WARN_CONSTANT_CONVERSION = YES;
				CLANG_WARN_DIRECT_OBJC_ISA_USAGE = YES_ERROR;
				CLANG_WARN_DOCUMENTATION_COMMENTS = YES;
				CLANG_WARN_EMPTY_BODY = YES;
				CLANG_WARN_ENUM_CONVERSION = YES;
				CLANG_WARN_INFINITE_RECURSION = YES;
				CLANG_WARN_INT_CONVERSION = YES;
				CLANG_WARN_NON_LITERAL_NULL_CONVERSION = YES;
				CLANG_WARN_OBJC_LITERAL_CONVERSION = YES;
				CLANG_WARN_OBJC_ROOT_CLASS = YES_ERROR;
				CLANG_WARN_RANGE_LOOP_ANALYSIS = YES;
				CLANG_WARN_STRICT_PROTOTYPES = YES;
				CLANG_WARN_SUSPICIOUS_MOVE = YES;
				CLANG_WARN_UNGUARDED_AVAILABILITY = YES_AGGRESSIVE;
				CLANG_WARN_UNREACHABLE_CODE = YES;
				CLANG_WARN__DUPLICATE_METHOD_MATCH = YES;
				CODE_SIGN_IDENTITY = "iPhone Developer";
				COPY_PHASE_STRIP = NO;
				DEBUG_INFORMATION_FORMAT = dwarf;
				ENABLE_STRICT_OBJC_MSGSEND = YES;
				ENABLE_TESTABILITY = YES;
				GCC_C_LANGUAGE_STANDARD = gnu11;
				GCC_DYNAMIC_NO_PIC = NO;
				GCC_NO_COMMON_BLOCKS = YES;
				GCC_OPTIMIZATION_LEVEL = 0;
				GCC_PREPROCESSOR_DEFINITIONS = (
					"DEBUG=1",
					"$(inherited)",
				);
				GCC_WARN_64_TO_32_BIT_CONVERSION = YES;
				GCC_WARN_ABOUT_RETURN_TYPE = YES_ERROR;
				GCC_WARN_UNDECLARED_SELECTOR = YES;
				GCC_WARN_UNINITIALIZED_AUTOS = YES_AGGRESSIVE;
				GCC_WARN_UNUSED_FUNCTION = YES;
				GCC_WARN_UNUSED_VARIABLE = YES;
				IPHONEOS_DEPLOYMENT_TARGET = 11.2;
				MTL_ENABLE_DEBUG_INFO = YES;
				ONLY_ACTIVE_ARCH = YES;
				SDKROOT = iphoneos;
				SWIFT_ACTIVE_COMPILATION_CONDITIONS = DEBUG;
				SWIFT_OPTIMIZATION_LEVEL = "-Onone";
			};
			name = Debug;
		};
		B72FDF891FF853300052C085 /* Release */ = {
			isa = XCBuildConfiguration;
			buildSettings = {
				ALWAYS_SEARCH_USER_PATHS = NO;
				CLANG_ANALYZER_NONNULL = YES;
				CLANG_ANALYZER_NUMBER_OBJECT_CONVERSION = YES_AGGRESSIVE;
				CLANG_CXX_LANGUAGE_STANDARD = "gnu++14";
				CLANG_CXX_LIBRARY = "libc++";
				CLANG_ENABLE_MODULES = YES;
				CLANG_ENABLE_OBJC_ARC = YES;
				CLANG_WARN_BLOCK_CAPTURE_AUTORELEASING = YES;
				CLANG_WARN_BOOL_CONVERSION = YES;
				CLANG_WARN_COMMA = YES;
				CLANG_WARN_CONSTANT_CONVERSION = YES;
				CLANG_WARN_DIRECT_OBJC_ISA_USAGE = YES_ERROR;
				CLANG_WARN_DOCUMENTATION_COMMENTS = YES;
				CLANG_WARN_EMPTY_BODY = YES;
				CLANG_WARN_ENUM_CONVERSION = YES;
				CLANG_WARN_INFINITE_RECURSION = YES;
				CLANG_WARN_INT_CONVERSION = YES;
				CLANG_WARN_NON_LITERAL_NULL_CONVERSION = YES;
				CLANG_WARN_OBJC_LITERAL_CONVERSION = YES;
				CLANG_WARN_OBJC_ROOT_CLASS = YES_ERROR;
				CLANG_WARN_RANGE_LOOP_ANALYSIS = YES;
				CLANG_WARN_STRICT_PROTOTYPES = YES;
				CLANG_WARN_SUSPICIOUS_MOVE = YES;
				CLANG_WARN_UNGUARDED_AVAILABILITY = YES_AGGRESSIVE;
				CLANG_WARN_UNREACHABLE_CODE = YES;
				CLANG_WARN__DUPLICATE_METHOD_MATCH = YES;
				CODE_SIGN_IDENTITY = "iPhone Developer";
				COPY_PHASE_STRIP = NO;
				DEBUG_INFORMATION_FORMAT = "dwarf-with-dsym";
				ENABLE_NS_ASSERTIONS = NO;
				ENABLE_STRICT_OBJC_MSGSEND = YES;
				GCC_C_LANGUAGE_STANDARD = gnu11;
				GCC_NO_COMMON_BLOCKS = YES;
				GCC_WARN_64_TO_32_BIT_CONVERSION = YES;
				GCC_WARN_ABOUT_RETURN_TYPE = YES_ERROR;
				GCC_WARN_UNDECLARED_SELECTOR = YES;
				GCC_WARN_UNINITIALIZED_AUTOS = YES_AGGRESSIVE;
				GCC_WARN_UNUSED_FUNCTION = YES;
				GCC_WARN_UNUSED_VARIABLE = YES;
				IPHONEOS_DEPLOYMENT_TARGET = 11.2;
				MTL_ENABLE_DEBUG_INFO = NO;
				SDKROOT = iphoneos;
				SWIFT_OPTIMIZATION_LEVEL = "-Owholemodule";
				VALIDATE_PRODUCT = YES;
			};
			name = Release;
		};
		B72FDF8B1FF853300052C085 /* Debug */ = {
			isa = XCBuildConfiguration;
			buildSettings = {
				ASSETCATALOG_COMPILER_APPICON_NAME = AppIcon;
				CODE_SIGN_STYLE = Automatic;
				DEVELOPMENT_TEAM = 3K27CWVX9U;
				INFOPLIST_FILE = LaBarba/Info.plist;
				LD_RUNPATH_SEARCH_PATHS = "$(inherited) @executable_path/Frameworks";
				PRODUCT_BUNDLE_IDENTIFIER = com.designcomfortco.LaBarba;
				PRODUCT_NAME = "$(TARGET_NAME)";
				SWIFT_VERSION = 4.0;
				TARGETED_DEVICE_FAMILY = "1,2";
			};
			name = Debug;
		};
		B72FDF8C1FF853300052C085 /* Release */ = {
			isa = XCBuildConfiguration;
			buildSettings = {
				ASSETCATALOG_COMPILER_APPICON_NAME = AppIcon;
				CODE_SIGN_STYLE = Automatic;
				DEVELOPMENT_TEAM = 3K27CWVX9U;
				INFOPLIST_FILE = LaBarba/Info.plist;
				LD_RUNPATH_SEARCH_PATHS = "$(inherited) @executable_path/Frameworks";
				PRODUCT_BUNDLE_IDENTIFIER = com.designcomfortco.LaBarba;
				PRODUCT_NAME = "$(TARGET_NAME)";
				SWIFT_VERSION = 4.0;
				TARGETED_DEVICE_FAMILY = "1,2";
			};
			name = Release;
		};
/* End XCBuildConfiguration section */

/* Begin XCConfigurationList section */
		B72FDF701FF8532F0052C085 /* Build configuration list for PBXProject "LaBarba" */ = {
			isa = XCConfigurationList;
			buildConfigurations = (
				B72FDF881FF853300052C085 /* Debug */,
				B72FDF891FF853300052C085 /* Release */,
			);
			defaultConfigurationIsVisible = 0;
			defaultConfigurationName = Release;
		};
		B72FDF8A1FF853300052C085 /* Build configuration list for PBXNativeTarget "LaBarba" */ = {
			isa = XCConfigurationList;
			buildConfigurations = (
				B72FDF8B1FF853300052C085 /* Debug */,
				B72FDF8C1FF853300052C085 /* Release */,
			);
			defaultConfigurationIsVisible = 0;
			defaultConfigurationName = Release;
		};
/* End XCConfigurationList section */

/* Begin XCVersionGroup section */
		B72FDF7F1FF853300052C085 /* LaBarba.xcdatamodeld */ = {
			isa = XCVersionGroup;
			children = (
				B72FDF801FF853300052C085 /* LaBarba.xcdatamodel */,
			);
			currentVersion = B72FDF801FF853300052C085 /* LaBarba.xcdatamodel */;
			path = LaBarba.xcdatamodeld;
			sourceTree = "<group>";
			versionGroupType = wrapper.xcdatamodel;
		};
/* End XCVersionGroup section */
	};
	rootObject = B72FDF6D1FF8532F0052C085 /* Project object */;
}
